// !$*UTF8*$!
{
	archiveVersion = 1;
	classes = {
	};
	objectVersion = 46;
	objects = {

/* Begin PBXBuildFile section */
		34DEF3D71D51E009005E1A82 /* AppDelegate.swift in Sources */ = {isa = PBXBuildFile; fileRef = 34DEF3D61D51E009005E1A82 /* AppDelegate.swift */; };
		34DEF3D91D51E009005E1A82 /* ViewController.swift in Sources */ = {isa = PBXBuildFile; fileRef = 34DEF3D81D51E009005E1A82 /* ViewController.swift */; };
		34DEF3DC1D51E00A005E1A82 /* Main.storyboard in Resources */ = {isa = PBXBuildFile; fileRef = 34DEF3DA1D51E00A005E1A82 /* Main.storyboard */; };
		34DEF3DE1D51E00A005E1A82 /* Assets.xcassets in Resources */ = {isa = PBXBuildFile; fileRef = 34DEF3DD1D51E00A005E1A82 /* Assets.xcassets */; };
		34DEF3E11D51E00A005E1A82 /* LaunchScreen.storyboard in Resources */ = {isa = PBXBuildFile; fileRef = 34DEF3DF1D51E00A005E1A82 /* LaunchScreen.storyboard */; };
		34DEF3EC1D51E00A005E1A82 /* Restaurant_FinderTests.swift in Sources */ = {isa = PBXBuildFile; fileRef = 34DEF3EB1D51E00A005E1A82 /* Restaurant_FinderTests.swift */; };
		34DEF3F71D51E00A005E1A82 /* Restaurant_FinderUITests.swift in Sources */ = {isa = PBXBuildFile; fileRef = 34DEF3F61D51E00A005E1A82 /* Restaurant_FinderUITests.swift */; };
/* End PBXBuildFile section */

/* Begin PBXContainerItemProxy section */
		34DEF3E81D51E00A005E1A82 /* PBXContainerItemProxy */ = {
			isa = PBXContainerItemProxy;
			containerPortal = 34DEF3CB1D51E009005E1A82 /* Project object */;
			proxyType = 1;
			remoteGlobalIDString = 34DEF3D21D51E009005E1A82;
			remoteInfo = "Restaurant Finder";
		};
		34DEF3F31D51E00A005E1A82 /* PBXContainerItemProxy */ = {
			isa = PBXContainerItemProxy;
			containerPortal = 34DEF3CB1D51E009005E1A82 /* Project object */;
			proxyType = 1;
			remoteGlobalIDString = 34DEF3D21D51E009005E1A82;
			remoteInfo = "Restaurant Finder";
		};
/* End PBXContainerItemProxy section */

/* Begin PBXFileReference section */
		34DEF3D31D51E009005E1A82 /* Restaurant Finder.app */ = {isa = PBXFileReference; explicitFileType = wrapper.application; includeInIndex = 0; path = "Restaurant Finder.app"; sourceTree = BUILT_PRODUCTS_DIR; };
		34DEF3D61D51E009005E1A82 /* AppDelegate.swift */ = {isa = PBXFileReference; lastKnownFileType = sourcecode.swift; path = AppDelegate.swift; sourceTree = "<group>"; };
		34DEF3D81D51E009005E1A82 /* ViewController.swift */ = {isa = PBXFileReference; lastKnownFileType = sourcecode.swift; path = ViewController.swift; sourceTree = "<group>"; };
		34DEF3DB1D51E00A005E1A82 /* Base */ = {isa = PBXFileReference; lastKnownFileType = file.storyboard; name = Base; path = Base.lproj/Main.storyboard; sourceTree = "<group>"; };
		34DEF3DD1D51E00A005E1A82 /* Assets.xcassets */ = {isa = PBXFileReference; lastKnownFileType = folder.assetcatalog; path = Assets.xcassets; sourceTree = "<group>"; };
		34DEF3E01D51E00A005E1A82 /* Base */ = {isa = PBXFileReference; lastKnownFileType = file.storyboard; name = Base; path = Base.lproj/LaunchScreen.storyboard; sourceTree = "<group>"; };
		34DEF3E21D51E00A005E1A82 /* Info.plist */ = {isa = PBXFileReference; lastKnownFileType = text.plist.xml; path = Info.plist; sourceTree = "<group>"; };
		34DEF3E71D51E00A005E1A82 /* Restaurant FinderTests.xctest */ = {isa = PBXFileReference; explicitFileType = wrapper.cfbundle; includeInIndex = 0; path = "Restaurant FinderTests.xctest"; sourceTree = BUILT_PRODUCTS_DIR; };
		34DEF3EB1D51E00A005E1A82 /* Restaurant_FinderTests.swift */ = {isa = PBXFileReference; lastKnownFileType = sourcecode.swift; path = Restaurant_FinderTests.swift; sourceTree = "<group>"; };
		34DEF3ED1D51E00A005E1A82 /* Info.plist */ = {isa = PBXFileReference; lastKnownFileType = text.plist.xml; path = Info.plist; sourceTree = "<group>"; };
		34DEF3F21D51E00A005E1A82 /* Restaurant FinderUITests.xctest */ = {isa = PBXFileReference; explicitFileType = wrapper.cfbundle; includeInIndex = 0; path = "Restaurant FinderUITests.xctest"; sourceTree = BUILT_PRODUCTS_DIR; };
		34DEF3F61D51E00A005E1A82 /* Restaurant_FinderUITests.swift */ = {isa = PBXFileReference; lastKnownFileType = sourcecode.swift; path = Restaurant_FinderUITests.swift; sourceTree = "<group>"; };
		34DEF3F81D51E00A005E1A82 /* Info.plist */ = {isa = PBXFileReference; lastKnownFileType = text.plist.xml; path = Info.plist; sourceTree = "<group>"; };
/* End PBXFileReference section */

/* Begin PBXFrameworksBuildPhase section */
		34DEF3D01D51E009005E1A82 /* Frameworks */ = {
			isa = PBXFrameworksBuildPhase;
			buildActionMask = 2147483647;
			files = (
			);
			runOnlyForDeploymentPostprocessing = 0;
		};
		34DEF3E41D51E00A005E1A82 /* Frameworks */ = {
			isa = PBXFrameworksBuildPhase;
			buildActionMask = 2147483647;
			files = (
			);
			runOnlyForDeploymentPostprocessing = 0;
		};
		34DEF3EF1D51E00A005E1A82 /* Frameworks */ = {
			isa = PBXFrameworksBuildPhase;
			buildActionMask = 2147483647;
			files = (
			);
			runOnlyForDeploymentPostprocessing = 0;
		};
/* End PBXFrameworksBuildPhase section */

/* Begin PBXGroup section */
		34DEF3CA1D51E009005E1A82 = {
			isa = PBXGroup;
			children = (
				34DEF3D51D51E009005E1A82 /* Restaurant Finder */,
				34DEF3EA1D51E00A005E1A82 /* Restaurant FinderTests */,
				34DEF3F51D51E00A005E1A82 /* Restaurant FinderUITests */,
				34DEF3D41D51E009005E1A82 /* Products */,
			);
			sourceTree = "<group>";
		};
		34DEF3D41D51E009005E1A82 /* Products */ = {
			isa = PBXGroup;
			children = (
				34DEF3D31D51E009005E1A82 /* Restaurant Finder.app */,
				34DEF3E71D51E00A005E1A82 /* Restaurant FinderTests.xctest */,
				34DEF3F21D51E00A005E1A82 /* Restaurant FinderUITests.xctest */,
			);
			name = Products;
			sourceTree = "<group>";
		};
		34DEF3D51D51E009005E1A82 /* Restaurant Finder */ = {
			isa = PBXGroup;
			children = (
				34DEF3D61D51E009005E1A82 /* AppDelegate.swift */,
				34DEF3D81D51E009005E1A82 /* ViewController.swift */,
				34DEF3DA1D51E00A005E1A82 /* Main.storyboard */,
				34DEF3DD1D51E00A005E1A82 /* Assets.xcassets */,
				34DEF3DF1D51E00A005E1A82 /* LaunchScreen.storyboard */,
				34DEF3E21D51E00A005E1A82 /* Info.plist */,
			);
			path = "Restaurant Finder";
			sourceTree = "<group>";
		};
		34DEF3EA1D51E00A005E1A82 /* Restaurant FinderTests */ = {
			isa = PBXGroup;
			children = (
				34DEF3EB1D51E00A005E1A82 /* Restaurant_FinderTests.swift */,
				34DEF3ED1D51E00A005E1A82 /* Info.plist */,
			);
			path = "Restaurant FinderTests";
			sourceTree = "<group>";
		};
		34DEF3F51D51E00A005E1A82 /* Restaurant FinderUITests */ = {
			isa = PBXGroup;
			children = (
				34DEF3F61D51E00A005E1A82 /* Restaurant_FinderUITests.swift */,
				34DEF3F81D51E00A005E1A82 /* Info.plist */,
			);
			path = "Restaurant FinderUITests";
			sourceTree = "<group>";
		};
/* End PBXGroup section */

/* Begin PBXNativeTarget section */
		34DEF3D21D51E009005E1A82 /* Restaurant Finder */ = {
			isa = PBXNativeTarget;
			buildConfigurationList = 34DEF3FB1D51E00A005E1A82 /* Build configuration list for PBXNativeTarget "Restaurant Finder" */;
			buildPhases = (
				34DEF3CF1D51E009005E1A82 /* Sources */,
				34DEF3D01D51E009005E1A82 /* Frameworks */,
				34DEF3D11D51E009005E1A82 /* Resources */,
			);
			buildRules = (
			);
			dependencies = (
			);
			name = "Restaurant Finder";
			productName = "Restaurant Finder";
			productReference = 34DEF3D31D51E009005E1A82 /* Restaurant Finder.app */;
			productType = "com.apple.product-type.application";
		};
		34DEF3E61D51E00A005E1A82 /* Restaurant FinderTests */ = {
			isa = PBXNativeTarget;
			buildConfigurationList = 34DEF3FE1D51E00A005E1A82 /* Build configuration list for PBXNativeTarget "Restaurant FinderTests" */;
			buildPhases = (
				34DEF3E31D51E00A005E1A82 /* Sources */,
				34DEF3E41D51E00A005E1A82 /* Frameworks */,
				34DEF3E51D51E00A005E1A82 /* Resources */,
			);
			buildRules = (
			);
			dependencies = (
				34DEF3E91D51E00A005E1A82 /* PBXTargetDependency */,
			);
			name = "Restaurant FinderTests";
			productName = "Restaurant FinderTests";
			productReference = 34DEF3E71D51E00A005E1A82 /* Restaurant FinderTests.xctest */;
			productType = "com.apple.product-type.bundle.unit-test";
		};
		34DEF3F11D51E00A005E1A82 /* Restaurant FinderUITests */ = {
			isa = PBXNativeTarget;
			buildConfigurationList = 34DEF4011D51E00A005E1A82 /* Build configuration list for PBXNativeTarget "Restaurant FinderUITests" */;
			buildPhases = (
				34DEF3EE1D51E00A005E1A82 /* Sources */,
				34DEF3EF1D51E00A005E1A82 /* Frameworks */,
				34DEF3F01D51E00A005E1A82 /* Resources */,
			);
			buildRules = (
			);
			dependencies = (
				34DEF3F41D51E00A005E1A82 /* PBXTargetDependency */,
			);
			name = "Restaurant FinderUITests";
			productName = "Restaurant FinderUITests";
			productReference = 34DEF3F21D51E00A005E1A82 /* Restaurant FinderUITests.xctest */;
			productType = "com.apple.product-type.bundle.ui-testing";
		};
/* End PBXNativeTarget section */

/* Begin PBXProject section */
		34DEF3CB1D51E009005E1A82 /* Project object */ = {
			isa = PBXProject;
			attributes = {
				LastSwiftUpdateCheck = 0730;
				LastUpgradeCheck = 0730;
				ORGANIZATIONNAME = "Daniel Brand";
				TargetAttributes = {
					34DEF3D21D51E009005E1A82 = {
						CreatedOnToolsVersion = 7.3.1;
					};
					34DEF3E61D51E00A005E1A82 = {
						CreatedOnToolsVersion = 7.3.1;
						TestTargetID = 34DEF3D21D51E009005E1A82;
					};
					34DEF3F11D51E00A005E1A82 = {
						CreatedOnToolsVersion = 7.3.1;
						TestTargetID = 34DEF3D21D51E009005E1A82;
					};
				};
			};
			buildConfigurationList = 34DEF3CE1D51E009005E1A82 /* Build configuration list for PBXProject "Restaurant Finder" */;
			compatibilityVersion = "Xcode 3.2";
			developmentRegion = English;
			hasScannedForEncodings = 0;
			knownRegions = (
				en,
				Base,
			);
			mainGroup = 34DEF3CA1D51E009005E1A82;
			productRefGroup = 34DEF3D41D51E009005E1A82 /* Products */;
			projectDirPath = "";
			projectRoot = "";
			targets = (
				34DEF3D21D51E009005E1A82 /* Restaurant Finder */,
				34DEF3E61D51E00A005E1A82 /* Restaurant FinderTests */,
				34DEF3F11D51E00A005E1A82 /* Restaurant FinderUITests */,
			);
		};
/* End PBXProject section */

/* Begin PBXResourcesBuildPhase section */
		34DEF3D11D51E009005E1A82 /* Resources */ = {
			isa = PBXResourcesBuildPhase;
			buildActionMask = 2147483647;
			files = (
				34DEF3E11D51E00A005E1A82 /* LaunchScreen.storyboard in Resources */,
				34DEF3DE1D51E00A005E1A82 /* Assets.xcassets in Resources */,
				34DEF3DC1D51E00A005E1A82 /* Main.storyboard in Resources */,
			);
			runOnlyForDeploymentPostprocessing = 0;
		};
		34DEF3E51D51E00A005E1A82 /* Resources */ = {
			isa = PBXResourcesBuildPhase;
			buildActionMask = 2147483647;
			files = (
			);
			runOnlyForDeploymentPostprocessing = 0;
		};
		34DEF3F01D51E00A005E1A82 /* Resources */ = {
			isa = PBXResourcesBuildPhase;
			buildActionMask = 2147483647;
			files = (
			);
			runOnlyForDeploymentPostprocessing = 0;
		};
/* End PBXResourcesBuildPhase section */

/* Begin PBXSourcesBuildPhase section */
		34DEF3CF1D51E009005E1A82 /* Sources */ = {
			isa = PBXSourcesBuildPhase;
			buildActionMask = 2147483647;
			files = (
				34DEF3D91D51E009005E1A82 /* ViewController.swift in Sources */,
				34DEF3D71D51E009005E1A82 /* AppDelegate.swift in Sources */,
			);
			runOnlyForDeploymentPostprocessing = 0;
		};
		34DEF3E31D51E00A005E1A82 /* Sources */ = {
			isa = PBXSourcesBuildPhase;
			buildActionMask = 2147483647;
			files = (
				34DEF3EC1D51E00A005E1A82 /* Restaurant_FinderTests.swift in Sources */,
			);
			runOnlyForDeploymentPostprocessing = 0;
		};
		34DEF3EE1D51E00A005E1A82 /* Sources */ = {
			isa = PBXSourcesBuildPhase;
			buildActionMask = 2147483647;
			files = (
				34DEF3F71D51E00A005E1A82 /* Restaurant_FinderUITests.swift in Sources */,
			);
			runOnlyForDeploymentPostprocessing = 0;
		};
/* End PBXSourcesBuildPhase section */

/* Begin PBXTargetDependency section */
		34DEF3E91D51E00A005E1A82 /* PBXTargetDependency */ = {
			isa = PBXTargetDependency;
			target = 34DEF3D21D51E009005E1A82 /* Restaurant Finder */;
			targetProxy = 34DEF3E81D51E00A005E1A82 /* PBXContainerItemProxy */;
		};
		34DEF3F41D51E00A005E1A82 /* PBXTargetDependency */ = {
			isa = PBXTargetDependency;
			target = 34DEF3D21D51E009005E1A82 /* Restaurant Finder */;
			targetProxy = 34DEF3F31D51E00A005E1A82 /* PBXContainerItemProxy */;
		};
/* End PBXTargetDependency section */

/* Begin PBXVariantGroup section */
		34DEF3DA1D51E00A005E1A82 /* Main.storyboard */ = {
			isa = PBXVariantGroup;
			children = (
				34DEF3DB1D51E00A005E1A82 /* Base */,
			);
			name = Main.storyboard;
			sourceTree = "<group>";
		};
		34DEF3DF1D51E00A005E1A82 /* LaunchScreen.storyboard */ = {
			isa = PBXVariantGroup;
			children = (
				34DEF3E01D51E00A005E1A82 /* Base */,
			);
			name = LaunchScreen.storyboard;
			sourceTree = "<group>";
		};
/* End PBXVariantGroup section */

/* Begin XCBuildConfiguration section */
		34DEF3F91D51E00A005E1A82 /* Debug */ = {
			isa = XCBuildConfiguration;
			buildSettings = {
				ALWAYS_SEARCH_USER_PATHS = NO;
				CLANG_ANALYZER_NONNULL = YES;
				CLANG_CXX_LANGUAGE_STANDARD = "gnu++0x";
				CLANG_CXX_LIBRARY = "libc++";
				CLANG_ENABLE_MODULES = YES;
				CLANG_ENABLE_OBJC_ARC = YES;
				CLANG_WARN_BOOL_CONVERSION = YES;
				CLANG_WARN_CONSTANT_CONVERSION = YES;
				CLANG_WARN_DIRECT_OBJC_ISA_USAGE = YES_ERROR;
				CLANG_WARN_EMPTY_BODY = YES;
				CLANG_WARN_ENUM_CONVERSION = YES;
				CLANG_WARN_INT_CONVERSION = YES;
				CLANG_WARN_OBJC_ROOT_CLASS = YES_ERROR;
				CLANG_WARN_UNREACHABLE_CODE = YES;
				CLANG_WARN__DUPLICATE_METHOD_MATCH = YES;
				"CODE_SIGN_IDENTITY[sdk=iphoneos*]" = "iPhone Developer";
				COPY_PHASE_STRIP = NO;
				DEBUG_INFORMATION_FORMAT = dwarf;
				ENABLE_STRICT_OBJC_MSGSEND = YES;
				ENABLE_TESTABILITY = YES;
				GCC_C_LANGUAGE_STANDARD = gnu99;
				GCC_DYNAMIC_NO_PIC = NO;
				GCC_NO_COMMON_BLOCKS = YES;
				GCC_OPTIMIZATION_LEVEL = 0;
				GCC_PREPROCESSOR_DEFINITIONS = (
					"DEBUG=1",
					"$(inherited)",
				);
				GCC_WARN_64_TO_32_BIT_CONVERSION = YES;
				GCC_WARN_ABOUT_RETURN_TYPE = YES_ERROR;
				GCC_WARN_UNDECLARED_SELECTOR = YES;
				GCC_WARN_UNINITIALIZED_AUTOS = YES_AGGRESSIVE;
				GCC_WARN_UNUSED_FUNCTION = YES;
				GCC_WARN_UNUSED_VARIABLE = YES;
				IPHONEOS_DEPLOYMENT_TARGET = 9.3;
				MTL_ENABLE_DEBUG_INFO = YES;
				ONLY_ACTIVE_ARCH = YES;
				SDKROOT = iphoneos;
				SWIFT_OPTIMIZATION_LEVEL = "-Onone";
			};
			name = Debug;
		};
		34DEF3FA1D51E00A005E1A82 /* Release */ = {
			isa = XCBuildConfiguration;
			buildSettings = {
				ALWAYS_SEARCH_USER_PATHS = NO;
				CLANG_ANALYZER_NONNULL = YES;
				CLANG_CXX_LANGUAGE_STANDARD = "gnu++0x";
				CLANG_CXX_LIBRARY = "libc++";
				CLANG_ENABLE_MODULES = YES;
				CLANG_ENABLE_OBJC_ARC = YES;
				CLANG_WARN_BOOL_CONVERSION = YES;
				CLANG_WARN_CONSTANT_CONVERSION = YES;
				CLANG_WARN_DIRECT_OBJC_ISA_USAGE = YES_ERROR;
				CLANG_WARN_EMPTY_BODY = YES;
				CLANG_WARN_ENUM_CONVERSION = YES;
				CLANG_WARN_INT_CONVERSION = YES;
				CLANG_WARN_OBJC_ROOT_CLASS = YES_ERROR;
				CLANG_WARN_UNREACHABLE_CODE = YES;
				CLANG_WARN__DUPLICATE_METHOD_MATCH = YES;
				"CODE_SIGN_IDENTITY[sdk=iphoneos*]" = "iPhone Developer";
				COPY_PHASE_STRIP = NO;
				DEBUG_INFORMATION_FORMAT = "dwarf-with-dsym";
				ENABLE_NS_ASSERTIONS = NO;
				ENABLE_STRICT_OBJC_MSGSEND = YES;
				GCC_C_LANGUAGE_STANDARD = gnu99;
				GCC_NO_COMMON_BLOCKS = YES;
				GCC_WARN_64_TO_32_BIT_CONVERSION = YES;
				GCC_WARN_ABOUT_RETURN_TYPE = YES_ERROR;
				GCC_WARN_UNDECLARED_SELECTOR = YES;
				GCC_WARN_UNINITIALIZED_AUTOS = YES_AGGRESSIVE;
				GCC_WARN_UNUSED_FUNCTION = YES;
				GCC_WARN_UNUSED_VARIABLE = YES;
				IPHONEOS_DEPLOYMENT_TARGET = 9.3;
				MTL_ENABLE_DEBUG_INFO = NO;
				SDKROOT = iphoneos;
				VALIDATE_PRODUCT = YES;
			};
			name = Release;
		};
		34DEF3FC1D51E00A005E1A82 /* Debug */ = {
			isa = XCBuildConfiguration;
			buildSettings = {
				ASSETCATALOG_COMPILER_APPICON_NAME = AppIcon;
				INFOPLIST_FILE = "Restaurant Finder/Info.plist";
				LD_RUNPATH_SEARCH_PATHS = "$(inherited) @executable_path/Frameworks";
				PRODUCT_BUNDLE_IDENTIFIER = "org.liquidsunset.Restaurant-Finder";
				PRODUCT_NAME = "$(TARGET_NAME)";
			};
			name = Debug;
		};
		34DEF3FD1D51E00A005E1A82 /* Release */ = {
			isa = XCBuildConfiguration;
			buildSettings = {
				ASSETCATALOG_COMPILER_APPICON_NAME = AppIcon;
				INFOPLIST_FILE = "Restaurant Finder/Info.plist";
				LD_RUNPATH_SEARCH_PATHS = "$(inherited) @executable_path/Frameworks";
				PRODUCT_BUNDLE_IDENTIFIER = "org.liquidsunset.Restaurant-Finder";
				PRODUCT_NAME = "$(TARGET_NAME)";
			};
			name = Release;
		};
		34DEF3FF1D51E00A005E1A82 /* Debug */ = {
			isa = XCBuildConfiguration;
			buildSettings = {
				BUNDLE_LOADER = "$(TEST_HOST)";
				INFOPLIST_FILE = "Restaurant FinderTests/Info.plist";
				LD_RUNPATH_SEARCH_PATHS = "$(inherited) @executable_path/Frameworks @loader_path/Frameworks";
				PRODUCT_BUNDLE_IDENTIFIER = "org.liquidsunset.Restaurant-FinderTests";
				PRODUCT_NAME = "$(TARGET_NAME)";
				TEST_HOST = "$(BUILT_PRODUCTS_DIR)/Restaurant Finder.app/Restaurant Finder";
			};
			name = Debug;
		};
		34DEF4001D51E00A005E1A82 /* Release */ = {
			isa = XCBuildConfiguration;
			buildSettings = {
				BUNDLE_LOADER = "$(TEST_HOST)";
				INFOPLIST_FILE = "Restaurant FinderTests/Info.plist";
				LD_RUNPATH_SEARCH_PATHS = "$(inherited) @executable_path/Frameworks @loader_path/Frameworks";
				PRODUCT_BUNDLE_IDENTIFIER = "org.liquidsunset.Restaurant-FinderTests";
				PRODUCT_NAME = "$(TARGET_NAME)";
				TEST_HOST = "$(BUILT_PRODUCTS_DIR)/Restaurant Finder.app/Restaurant Finder";
			};
			name = Release;
		};
		34DEF4021D51E00A005E1A82 /* Debug */ = {
			isa = XCBuildConfiguration;
			buildSettings = {
				INFOPLIST_FILE = "Restaurant FinderUITests/Info.plist";
				LD_RUNPATH_SEARCH_PATHS = "$(inherited) @executable_path/Frameworks @loader_path/Frameworks";
				PRODUCT_BUNDLE_IDENTIFIER = "org.liquidsunset.Restaurant-FinderUITests";
				PRODUCT_NAME = "$(TARGET_NAME)";
				TEST_TARGET_NAME = "Restaurant Finder";
			};
			name = Debug;
		};
		34DEF4031D51E00A005E1A82 /* Release */ = {
			isa = XCBuildConfiguration;
			buildSettings = {
				INFOPLIST_FILE = "Restaurant FinderUITests/Info.plist";
				LD_RUNPATH_SEARCH_PATHS = "$(inherited) @executable_path/Frameworks @loader_path/Frameworks";
				PRODUCT_BUNDLE_IDENTIFIER = "org.liquidsunset.Restaurant-FinderUITests";
				PRODUCT_NAME = "$(TARGET_NAME)";
				TEST_TARGET_NAME = "Restaurant Finder";
			};
			name = Release;
		};
/* End XCBuildConfiguration section */

/* Begin XCConfigurationList section */
		34DEF3CE1D51E009005E1A82 /* Build configuration list for PBXProject "Restaurant Finder" */ = {
			isa = XCConfigurationList;
			buildConfigurations = (
				34DEF3F91D51E00A005E1A82 /* Debug */,
				34DEF3FA1D51E00A005E1A82 /* Release */,
			);
			defaultConfigurationIsVisible = 0;
			defaultConfigurationName = Release;
		};
		34DEF3FB1D51E00A005E1A82 /* Build configuration list for PBXNativeTarget "Restaurant Finder" */ = {
			isa = XCConfigurationList;
			buildConfigurations = (
				34DEF3FC1D51E00A005E1A82 /* Debug */,
				34DEF3FD1D51E00A005E1A82 /* Release */,
			);
			defaultConfigurationIsVisible = 0;
		};
		34DEF3FE1D51E00A005E1A82 /* Build configuration list for PBXNativeTarget "Restaurant FinderTests" */ = {
			isa = XCConfigurationList;
			buildConfigurations = (
				34DEF3FF1D51E00A005E1A82 /* Debug */,
				34DEF4001D51E00A005E1A82 /* Release */,
			);
			defaultConfigurationIsVisible = 0;
		};
		34DEF4011D51E00A005E1A82 /* Build configuration list for PBXNativeTarget "Restaurant FinderUITests" */ = {
			isa = XCConfigurationList;
			buildConfigurations = (
				34DEF4021D51E00A005E1A82 /* Debug */,
				34DEF4031D51E00A005E1A82 /* Release */,
			);
			defaultConfigurationIsVisible = 0;
		};
/* End XCConfigurationList section */
	};
	rootObject = 34DEF3CB1D51E009005E1A82 /* Project object */;
}
